
Microsoft Visual Studio Solution File, Format Version 12.00
# Visual Studio Version 17
VisualStudioVersion = 17.13.35828.75
MinimumVisualStudioVersion = 10.0.40219.1
Project("{FAE04EC0-301F-11D3-BF4B-00C04F79EFBC}") = "FundooApp", "FundooApp\FundooApp.csproj", "{B5AFF7DE-C510-46CC-B3F1-25FBE06886E4}"
EndProject
Project("{FAE04EC0-301F-11D3-BF4B-00C04F79EFBC}") = "BusinessLogicLayer", "Fundoo.Business\BusinessLogicLayer.csproj", "{BDAE7D98-77CE-419C-B031-0813327E1993}"
EndProject
Project("{FAE04EC0-301F-11D3-BF4B-00C04F79EFBC}") = "DataAcessLayer", "Fundoo.DataAcessLayer\DataAcessLayer.csproj", "{FEC1E4CC-0AE9-4F4A-B26A-584EE4960C8C}"
EndProject
Project("{FAE04EC0-301F-11D3-BF4B-00C04F79EFBC}") = "ModalLayer", "Fundoo.Common\ModalLayer.csproj", "{275EB1C3-21E2-4E63-AAB4-E34A72836796}"
EndProject
Project("{FAE04EC0-301F-11D3-BF4B-00C04F79EFBC}") = "EmailService", "EmailService\EmailService.csproj", "{ABB9C49F-4C41-4C0A-9462-E0B05AD8BC99}"
EndProject
Global
	GlobalSection(SolutionConfigurationPlatforms) = preSolution
		Debug|Any CPU = Debug|Any CPU
		Release|Any CPU = Release|Any CPU
	EndGlobalSection
	GlobalSection(ProjectConfigurationPlatforms) = postSolution
		{B5AFF7DE-C510-46CC-B3F1-25FBE06886E4}.Debug|Any CPU.ActiveCfg = Debug|Any CPU
		{B5AFF7DE-C510-46CC-B3F1-25FBE06886E4}.Debug|Any CPU.Build.0 = Debug|Any CPU
		{B5AFF7DE-C510-46CC-B3F1-25FBE06886E4}.Release|Any CPU.ActiveCfg = Release|Any CPU
		{B5AFF7DE-C510-46CC-B3F1-25FBE06886E4}.Release|Any CPU.Build.0 = Release|Any CPU
		{BDAE7D98-77CE-419C-B031-0813327E1993}.Debug|Any CPU.ActiveCfg = Debug|Any CPU
		{BDAE7D98-77CE-419C-B031-0813327E1993}.Debug|Any CPU.Build.0 = Debug|Any CPU
		{BDAE7D98-77CE-419C-B031-0813327E1993}.Release|Any CPU.ActiveCfg = Release|Any CPU
		{BDAE7D98-77CE-419C-B031-0813327E1993}.Release|Any CPU.Build.0 = Release|Any CPU
		{FEC1E4CC-0AE9-4F4A-B26A-584EE4960C8C}.Debug|Any CPU.ActiveCfg = Debug|Any CPU
		{FEC1E4CC-0AE9-4F4A-B26A-584EE4960C8C}.Debug|Any CPU.Build.0 = Debug|Any CPU
		{FEC1E4CC-0AE9-4F4A-B26A-584EE4960C8C}.Release|Any CPU.ActiveCfg = Release|Any CPU
		{FEC1E4CC-0AE9-4F4A-B26A-584EE4960C8C}.Release|Any CPU.Build.0 = Release|Any CPU
		{275EB1C3-21E2-4E63-AAB4-E34A72836796}.Debug|Any CPU.ActiveCfg = Debug|Any CPU
		{275EB1C3-21E2-4E63-AAB4-E34A72836796}.Debug|Any CPU.Build.0 = Debug|Any CPU
		{275EB1C3-21E2-4E63-AAB4-E34A72836796}.Release|Any CPU.ActiveCfg = Release|Any CPU
		{275EB1C3-21E2-4E63-AAB4-E34A72836796}.Release|Any CPU.Build.0 = Release|Any CPU
		{ABB9C49F-4C41-4C0A-9462-E0B05AD8BC99}.Debug|Any CPU.ActiveCfg = Debug|Any CPU
		{ABB9C49F-4C41-4C0A-9462-E0B05AD8BC99}.Debug|Any CPU.Build.0 = Debug|Any CPU
		{ABB9C49F-4C41-4C0A-9462-E0B05AD8BC99}.Release|Any CPU.ActiveCfg = Release|Any CPU
		{ABB9C49F-4C41-4C0A-9462-E0B05AD8BC99}.Release|Any CPU.Build.0 = Release|Any CPU
	EndGlobalSection
	GlobalSection(SolutionProperties) = preSolution
		HideSolutionNode = FALSE
	EndGlobalSection
	GlobalSection(ExtensibilityGlobals) = postSolution
		SolutionGuid = {721DBEEE-0555-49CF-AFF5-56415384D390}
	EndGlobalSection
EndGlobal
